// !$*UTF8*$!
{
	archiveVersion = 1;
	classes = {
	};
	objectVersion = 50;
	objects = {

/* Begin PBXBuildFile section */
		6E489FCB25B6777000CC3861 /* AppDelegate.swift in Sources */ = {isa = PBXBuildFile; fileRef = 6E489FCA25B6777000CC3861 /* AppDelegate.swift */; };
		6E489FCD25B6777000CC3861 /* SceneDelegate.swift in Sources */ = {isa = PBXBuildFile; fileRef = 6E489FCC25B6777000CC3861 /* SceneDelegate.swift */; };
		6E489FD225B6777000CC3861 /* Main.storyboard in Resources */ = {isa = PBXBuildFile; fileRef = 6E489FD025B6777000CC3861 /* Main.storyboard */; };
		6E489FD425B6777100CC3861 /* Assets.xcassets in Resources */ = {isa = PBXBuildFile; fileRef = 6E489FD325B6777100CC3861 /* Assets.xcassets */; };
		6E489FD725B6777100CC3861 /* LaunchScreen.storyboard in Resources */ = {isa = PBXBuildFile; fileRef = 6E489FD525B6777100CC3861 /* LaunchScreen.storyboard */; };
		6E489FE225B6777100CC3861 /* TodoListTests.swift in Sources */ = {isa = PBXBuildFile; fileRef = 6E489FE125B6777100CC3861 /* TodoListTests.swift */; };
		6E489FED25B6777100CC3861 /* TodoListUITests.swift in Sources */ = {isa = PBXBuildFile; fileRef = 6E489FEC25B6777100CC3861 /* TodoListUITests.swift */; };
		6E75E54F25BA6872001EA828 /* DateWorker.swift in Sources */ = {isa = PBXBuildFile; fileRef = 6E75E54E25BA6872001EA828 /* DateWorker.swift */; };
		6E75E55425BA6A74001EA828 /* DateStore.swift in Sources */ = {isa = PBXBuildFile; fileRef = 6E75E55325BA6A74001EA828 /* DateStore.swift */; };
		6E75E56325BA7099001EA828 /* Todo.xcdatamodeld in Sources */ = {isa = PBXBuildFile; fileRef = 6E75E56125BA7099001EA828 /* Todo.xcdatamodeld */; };
		6E75E57F25BA82D6001EA828 /* Todo+CoreDataClass.swift in Sources */ = {isa = PBXBuildFile; fileRef = 6E75E57D25BA82D6001EA828 /* Todo+CoreDataClass.swift */; };
		6E75E58025BA82D6001EA828 /* Todo+CoreDataProperties.swift in Sources */ = {isa = PBXBuildFile; fileRef = 6E75E57E25BA82D6001EA828 /* Todo+CoreDataProperties.swift */; };
		6E75E59125BA8956001EA828 /* TodoDetailPresenter.swift in Sources */ = {isa = PBXBuildFile; fileRef = 6E75E58B25BA8956001EA828 /* TodoDetailPresenter.swift */; };
		6E75E59225BA8956001EA828 /* TodoDetailWorker.swift in Sources */ = {isa = PBXBuildFile; fileRef = 6E75E58C25BA8956001EA828 /* TodoDetailWorker.swift */; };
		6E75E59325BA8956001EA828 /* TodoDetailRouter.swift in Sources */ = {isa = PBXBuildFile; fileRef = 6E75E58D25BA8956001EA828 /* TodoDetailRouter.swift */; };
		6E75E59425BA8956001EA828 /* TodoDetailModels.swift in Sources */ = {isa = PBXBuildFile; fileRef = 6E75E58E25BA8956001EA828 /* TodoDetailModels.swift */; };
		6E75E59525BA8956001EA828 /* TodoDetailViewController.swift in Sources */ = {isa = PBXBuildFile; fileRef = 6E75E58F25BA8956001EA828 /* TodoDetailViewController.swift */; };
		6E75E59625BA8956001EA828 /* TodoDetailInteractor.swift in Sources */ = {isa = PBXBuildFile; fileRef = 6E75E59025BA8956001EA828 /* TodoDetailInteractor.swift */; };
		6EBD71FB25B911B10045A6FA /* TodosWorker.swift in Sources */ = {isa = PBXBuildFile; fileRef = 6EBD71FA25B911B10045A6FA /* TodosWorker.swift */; };
		6EBD720425B918700045A6FA /* TodoStore.swift in Sources */ = {isa = PBXBuildFile; fileRef = 6EBD720325B918700045A6FA /* TodoStore.swift */; };
		6EBD721625B92F080045A6FA /* CreateTodoPresenter.swift in Sources */ = {isa = PBXBuildFile; fileRef = 6EBD721025B92F080045A6FA /* CreateTodoPresenter.swift */; };
		6EBD721725B92F080045A6FA /* CreateTodoWorker.swift in Sources */ = {isa = PBXBuildFile; fileRef = 6EBD721125B92F080045A6FA /* CreateTodoWorker.swift */; };
		6EBD721825B92F080045A6FA /* CreateTodoRouter.swift in Sources */ = {isa = PBXBuildFile; fileRef = 6EBD721225B92F080045A6FA /* CreateTodoRouter.swift */; };
		6EBD721925B92F080045A6FA /* CreateTodoModels.swift in Sources */ = {isa = PBXBuildFile; fileRef = 6EBD721325B92F080045A6FA /* CreateTodoModels.swift */; };
		6EBD721A25B92F080045A6FA /* CreateTodoViewController.swift in Sources */ = {isa = PBXBuildFile; fileRef = 6EBD721425B92F080045A6FA /* CreateTodoViewController.swift */; };
		6EBD721B25B92F080045A6FA /* CreateTodoInteractor.swift in Sources */ = {isa = PBXBuildFile; fileRef = 6EBD721525B92F080045A6FA /* CreateTodoInteractor.swift */; };
		6EBD723725B94E630045A6FA /* CoreDataManager.swift in Sources */ = {isa = PBXBuildFile; fileRef = 6EBD723625B94E630045A6FA /* CoreDataManager.swift */; };
		6EBD723F25B95A350045A6FA /* TodoListTableViewCell.swift in Sources */ = {isa = PBXBuildFile; fileRef = 6EBD723E25B95A350045A6FA /* TodoListTableViewCell.swift */; };
		6EF84ED725B824A3005E09BD /* TodoListPresenter.swift in Sources */ = {isa = PBXBuildFile; fileRef = 6EF84ED125B824A3005E09BD /* TodoListPresenter.swift */; };
		6EF84ED825B824A3005E09BD /* TodoListWorker.swift in Sources */ = {isa = PBXBuildFile; fileRef = 6EF84ED225B824A3005E09BD /* TodoListWorker.swift */; };
		6EF84ED925B824A3005E09BD /* TodoListRouter.swift in Sources */ = {isa = PBXBuildFile; fileRef = 6EF84ED325B824A3005E09BD /* TodoListRouter.swift */; };
		6EF84EDA25B824A3005E09BD /* TodoListModels.swift in Sources */ = {isa = PBXBuildFile; fileRef = 6EF84ED425B824A3005E09BD /* TodoListModels.swift */; };
		6EF84EDB25B824A3005E09BD /* TodoListViewController.swift in Sources */ = {isa = PBXBuildFile; fileRef = 6EF84ED525B824A3005E09BD /* TodoListViewController.swift */; };
		6EF84EDC25B824A3005E09BD /* TodoListInteractor.swift in Sources */ = {isa = PBXBuildFile; fileRef = 6EF84ED625B824A3005E09BD /* TodoListInteractor.swift */; };
/* End PBXBuildFile section */

/* Begin PBXContainerItemProxy section */
		6E489FDE25B6777100CC3861 /* PBXContainerItemProxy */ = {
			isa = PBXContainerItemProxy;
			containerPortal = 6E489FBF25B6777000CC3861 /* Project object */;
			proxyType = 1;
			remoteGlobalIDString = 6E489FC625B6777000CC3861;
			remoteInfo = TodoList;
		};
		6E489FE925B6777100CC3861 /* PBXContainerItemProxy */ = {
			isa = PBXContainerItemProxy;
			containerPortal = 6E489FBF25B6777000CC3861 /* Project object */;
			proxyType = 1;
			remoteGlobalIDString = 6E489FC625B6777000CC3861;
			remoteInfo = TodoList;
		};
/* End PBXContainerItemProxy section */

/* Begin PBXFileReference section */
		6E489FC725B6777000CC3861 /* TodoList.app */ = {isa = PBXFileReference; explicitFileType = wrapper.application; includeInIndex = 0; path = TodoList.app; sourceTree = BUILT_PRODUCTS_DIR; };
		6E489FCA25B6777000CC3861 /* AppDelegate.swift */ = {isa = PBXFileReference; lastKnownFileType = sourcecode.swift; path = AppDelegate.swift; sourceTree = "<group>"; };
		6E489FCC25B6777000CC3861 /* SceneDelegate.swift */ = {isa = PBXFileReference; lastKnownFileType = sourcecode.swift; path = SceneDelegate.swift; sourceTree = "<group>"; };
		6E489FD125B6777000CC3861 /* Base */ = {isa = PBXFileReference; lastKnownFileType = file.storyboard; name = Base; path = Base.lproj/Main.storyboard; sourceTree = "<group>"; };
		6E489FD325B6777100CC3861 /* Assets.xcassets */ = {isa = PBXFileReference; lastKnownFileType = folder.assetcatalog; path = Assets.xcassets; sourceTree = "<group>"; };
		6E489FD625B6777100CC3861 /* Base */ = {isa = PBXFileReference; lastKnownFileType = file.storyboard; name = Base; path = Base.lproj/LaunchScreen.storyboard; sourceTree = "<group>"; };
		6E489FD825B6777100CC3861 /* Info.plist */ = {isa = PBXFileReference; lastKnownFileType = text.plist.xml; path = Info.plist; sourceTree = "<group>"; };
		6E489FDD25B6777100CC3861 /* TodoListTests.xctest */ = {isa = PBXFileReference; explicitFileType = wrapper.cfbundle; includeInIndex = 0; path = TodoListTests.xctest; sourceTree = BUILT_PRODUCTS_DIR; };
		6E489FE125B6777100CC3861 /* TodoListTests.swift */ = {isa = PBXFileReference; lastKnownFileType = sourcecode.swift; path = TodoListTests.swift; sourceTree = "<group>"; };
		6E489FE325B6777100CC3861 /* Info.plist */ = {isa = PBXFileReference; lastKnownFileType = text.plist.xml; path = Info.plist; sourceTree = "<group>"; };
		6E489FE825B6777100CC3861 /* TodoListUITests.xctest */ = {isa = PBXFileReference; explicitFileType = wrapper.cfbundle; includeInIndex = 0; path = TodoListUITests.xctest; sourceTree = BUILT_PRODUCTS_DIR; };
		6E489FEC25B6777100CC3861 /* TodoListUITests.swift */ = {isa = PBXFileReference; lastKnownFileType = sourcecode.swift; path = TodoListUITests.swift; sourceTree = "<group>"; };
		6E489FEE25B6777100CC3861 /* Info.plist */ = {isa = PBXFileReference; lastKnownFileType = text.plist.xml; path = Info.plist; sourceTree = "<group>"; };
		6E75E54E25BA6872001EA828 /* DateWorker.swift */ = {isa = PBXFileReference; lastKnownFileType = sourcecode.swift; path = DateWorker.swift; sourceTree = "<group>"; };
		6E75E55325BA6A74001EA828 /* DateStore.swift */ = {isa = PBXFileReference; lastKnownFileType = sourcecode.swift; path = DateStore.swift; sourceTree = "<group>"; };
		6E75E56225BA7099001EA828 /* Todo.xcdatamodel */ = {isa = PBXFileReference; lastKnownFileType = wrapper.xcdatamodel; path = Todo.xcdatamodel; sourceTree = "<group>"; };
		6E75E57D25BA82D6001EA828 /* Todo+CoreDataClass.swift */ = {isa = PBXFileReference; lastKnownFileType = sourcecode.swift; name = "Todo+CoreDataClass.swift"; path = "../Todo+CoreDataClass.swift"; sourceTree = "<group>"; };
		6E75E57E25BA82D6001EA828 /* Todo+CoreDataProperties.swift */ = {isa = PBXFileReference; lastKnownFileType = sourcecode.swift; name = "Todo+CoreDataProperties.swift"; path = "../Todo+CoreDataProperties.swift"; sourceTree = "<group>"; };
		6E75E58B25BA8956001EA828 /* TodoDetailPresenter.swift */ = {isa = PBXFileReference; lastKnownFileType = sourcecode.swift; path = TodoDetailPresenter.swift; sourceTree = "<group>"; };
		6E75E58C25BA8956001EA828 /* TodoDetailWorker.swift */ = {isa = PBXFileReference; lastKnownFileType = sourcecode.swift; path = TodoDetailWorker.swift; sourceTree = "<group>"; };
		6E75E58D25BA8956001EA828 /* TodoDetailRouter.swift */ = {isa = PBXFileReference; lastKnownFileType = sourcecode.swift; path = TodoDetailRouter.swift; sourceTree = "<group>"; };
		6E75E58E25BA8956001EA828 /* TodoDetailModels.swift */ = {isa = PBXFileReference; lastKnownFileType = sourcecode.swift; path = TodoDetailModels.swift; sourceTree = "<group>"; };
		6E75E58F25BA8956001EA828 /* TodoDetailViewController.swift */ = {isa = PBXFileReference; lastKnownFileType = sourcecode.swift; path = TodoDetailViewController.swift; sourceTree = "<group>"; };
		6E75E59025BA8956001EA828 /* TodoDetailInteractor.swift */ = {isa = PBXFileReference; lastKnownFileType = sourcecode.swift; path = TodoDetailInteractor.swift; sourceTree = "<group>"; };
		6EBD71FA25B911B10045A6FA /* TodosWorker.swift */ = {isa = PBXFileReference; lastKnownFileType = sourcecode.swift; path = TodosWorker.swift; sourceTree = "<group>"; };
		6EBD720325B918700045A6FA /* TodoStore.swift */ = {isa = PBXFileReference; lastKnownFileType = sourcecode.swift; path = TodoStore.swift; sourceTree = "<group>"; };
		6EBD721025B92F080045A6FA /* CreateTodoPresenter.swift */ = {isa = PBXFileReference; lastKnownFileType = sourcecode.swift; path = CreateTodoPresenter.swift; sourceTree = "<group>"; };
		6EBD721125B92F080045A6FA /* CreateTodoWorker.swift */ = {isa = PBXFileReference; lastKnownFileType = sourcecode.swift; path = CreateTodoWorker.swift; sourceTree = "<group>"; };
		6EBD721225B92F080045A6FA /* CreateTodoRouter.swift */ = {isa = PBXFileReference; lastKnownFileType = sourcecode.swift; path = CreateTodoRouter.swift; sourceTree = "<group>"; };
		6EBD721325B92F080045A6FA /* CreateTodoModels.swift */ = {isa = PBXFileReference; lastKnownFileType = sourcecode.swift; path = CreateTodoModels.swift; sourceTree = "<group>"; };
		6EBD721425B92F080045A6FA /* CreateTodoViewController.swift */ = {isa = PBXFileReference; lastKnownFileType = sourcecode.swift; path = CreateTodoViewController.swift; sourceTree = "<group>"; };
		6EBD721525B92F080045A6FA /* CreateTodoInteractor.swift */ = {isa = PBXFileReference; lastKnownFileType = sourcecode.swift; path = CreateTodoInteractor.swift; sourceTree = "<group>"; };
		6EBD723625B94E630045A6FA /* CoreDataManager.swift */ = {isa = PBXFileReference; lastKnownFileType = sourcecode.swift; path = CoreDataManager.swift; sourceTree = "<group>"; };
		6EBD723E25B95A350045A6FA /* TodoListTableViewCell.swift */ = {isa = PBXFileReference; lastKnownFileType = sourcecode.swift; path = TodoListTableViewCell.swift; sourceTree = "<group>"; };
		6EF84ED125B824A3005E09BD /* TodoListPresenter.swift */ = {isa = PBXFileReference; lastKnownFileType = sourcecode.swift; path = TodoListPresenter.swift; sourceTree = "<group>"; };
		6EF84ED225B824A3005E09BD /* TodoListWorker.swift */ = {isa = PBXFileReference; lastKnownFileType = sourcecode.swift; path = TodoListWorker.swift; sourceTree = "<group>"; };
		6EF84ED325B824A3005E09BD /* TodoListRouter.swift */ = {isa = PBXFileReference; lastKnownFileType = sourcecode.swift; path = TodoListRouter.swift; sourceTree = "<group>"; };
		6EF84ED425B824A3005E09BD /* TodoListModels.swift */ = {isa = PBXFileReference; lastKnownFileType = sourcecode.swift; path = TodoListModels.swift; sourceTree = "<group>"; };
		6EF84ED525B824A3005E09BD /* TodoListViewController.swift */ = {isa = PBXFileReference; lastKnownFileType = sourcecode.swift; path = TodoListViewController.swift; sourceTree = "<group>"; };
		6EF84ED625B824A3005E09BD /* TodoListInteractor.swift */ = {isa = PBXFileReference; lastKnownFileType = sourcecode.swift; path = TodoListInteractor.swift; sourceTree = "<group>"; };
/* End PBXFileReference section */

/* Begin PBXFrameworksBuildPhase section */
		6E489FC425B6777000CC3861 /* Frameworks */ = {
			isa = PBXFrameworksBuildPhase;
			buildActionMask = 2147483647;
			files = (
			);
			runOnlyForDeploymentPostprocessing = 0;
		};
		6E489FDA25B6777100CC3861 /* Frameworks */ = {
			isa = PBXFrameworksBuildPhase;
			buildActionMask = 2147483647;
			files = (
			);
			runOnlyForDeploymentPostprocessing = 0;
		};
		6E489FE525B6777100CC3861 /* Frameworks */ = {
			isa = PBXFrameworksBuildPhase;
			buildActionMask = 2147483647;
			files = (
			);
			runOnlyForDeploymentPostprocessing = 0;
		};
/* End PBXFrameworksBuildPhase section */

/* Begin PBXGroup section */
		6E489FBE25B6777000CC3861 = {
			isa = PBXGroup;
			children = (
				6E489FC925B6777000CC3861 /* TodoList */,
				6E489FE025B6777100CC3861 /* TodoListTests */,
				6E489FEB25B6777100CC3861 /* TodoListUITests */,
				6E489FC825B6777000CC3861 /* Products */,
			);
			sourceTree = "<group>";
		};
		6E489FC825B6777000CC3861 /* Products */ = {
			isa = PBXGroup;
			children = (
				6E489FC725B6777000CC3861 /* TodoList.app */,
				6E489FDD25B6777100CC3861 /* TodoListTests.xctest */,
				6E489FE825B6777100CC3861 /* TodoListUITests.xctest */,
			);
			name = Products;
			sourceTree = "<group>";
		};
		6E489FC925B6777000CC3861 /* TodoList */ = {
			isa = PBXGroup;
			children = (
				6EBD723525B94E420045A6FA /* Manager */,
				6EBD720225B918640045A6FA /* Service */,
				6EBD71F925B911980045A6FA /* Workers */,
				6E48A00125B7CFB400CC3861 /* Models */,
				6E48A00025B7CF5700CC3861 /* Scenes */,
				6E489FCA25B6777000CC3861 /* AppDelegate.swift */,
				6E489FCC25B6777000CC3861 /* SceneDelegate.swift */,
				6E489FD025B6777000CC3861 /* Main.storyboard */,
				6E489FD325B6777100CC3861 /* Assets.xcassets */,
				6E489FD525B6777100CC3861 /* LaunchScreen.storyboard */,
				6E489FD825B6777100CC3861 /* Info.plist */,
			);
			path = TodoList;
			sourceTree = "<group>";
		};
		6E489FE025B6777100CC3861 /* TodoListTests */ = {
			isa = PBXGroup;
			children = (
				6E489FE125B6777100CC3861 /* TodoListTests.swift */,
				6E489FE325B6777100CC3861 /* Info.plist */,
			);
			path = TodoListTests;
			sourceTree = "<group>";
		};
		6E489FEB25B6777100CC3861 /* TodoListUITests */ = {
			isa = PBXGroup;
			children = (
				6E489FEC25B6777100CC3861 /* TodoListUITests.swift */,
				6E489FEE25B6777100CC3861 /* Info.plist */,
			);
			path = TodoListUITests;
			sourceTree = "<group>";
		};
		6E48A00025B7CF5700CC3861 /* Scenes */ = {
			isa = PBXGroup;
			children = (
				6E75E58A25BA8946001EA828 /* TodoDetail */,
				6EBD720F25B92EF50045A6FA /* CreateTodo */,
				6EBD720E25B92C9A0045A6FA /* TodoList */,
			);
			path = Scenes;
			sourceTree = "<group>";
		};
		6E48A00125B7CFB400CC3861 /* Models */ = {
			isa = PBXGroup;
			children = (
				6E75E57D25BA82D6001EA828 /* Todo+CoreDataClass.swift */,
				6E75E57E25BA82D6001EA828 /* Todo+CoreDataProperties.swift */,
				6E75E56125BA7099001EA828 /* Todo.xcdatamodeld */,
			);
			path = Models;
			sourceTree = "<group>";
		};
		6E75E58A25BA8946001EA828 /* TodoDetail */ = {
			isa = PBXGroup;
			children = (
				6E75E58B25BA8956001EA828 /* TodoDetailPresenter.swift */,
				6E75E58C25BA8956001EA828 /* TodoDetailWorker.swift */,
				6E75E58D25BA8956001EA828 /* TodoDetailRouter.swift */,
				6E75E58E25BA8956001EA828 /* TodoDetailModels.swift */,
				6E75E58F25BA8956001EA828 /* TodoDetailViewController.swift */,
				6E75E59025BA8956001EA828 /* TodoDetailInteractor.swift */,
			);
			path = TodoDetail;
			sourceTree = "<group>";
		};
		6EBD71F925B911980045A6FA /* Workers */ = {
			isa = PBXGroup;
			children = (
				6EBD71FA25B911B10045A6FA /* TodosWorker.swift */,
				6E75E54E25BA6872001EA828 /* DateWorker.swift */,
			);
			path = Workers;
			sourceTree = "<group>";
		};
		6EBD720225B918640045A6FA /* Service */ = {
			isa = PBXGroup;
			children = (
				6EBD720325B918700045A6FA /* TodoStore.swift */,
				6E75E55325BA6A74001EA828 /* DateStore.swift */,
			);
			path = Service;
			sourceTree = "<group>";
		};
		6EBD720E25B92C9A0045A6FA /* TodoList */ = {
			isa = PBXGroup;
			children = (
				6EF84ED125B824A3005E09BD /* TodoListPresenter.swift */,
				6EF84ED225B824A3005E09BD /* TodoListWorker.swift */,
				6EF84ED325B824A3005E09BD /* TodoListRouter.swift */,
				6EF84ED425B824A3005E09BD /* TodoListModels.swift */,
				6EF84ED525B824A3005E09BD /* TodoListViewController.swift */,
				6EF84ED625B824A3005E09BD /* TodoListInteractor.swift */,
				6EBD723E25B95A350045A6FA /* TodoListTableViewCell.swift */,
			);
			path = TodoList;
			sourceTree = "<group>";
		};
		6EBD720F25B92EF50045A6FA /* CreateTodo */ = {
			isa = PBXGroup;
			children = (
				6EBD721025B92F080045A6FA /* CreateTodoPresenter.swift */,
				6EBD721125B92F080045A6FA /* CreateTodoWorker.swift */,
				6EBD721225B92F080045A6FA /* CreateTodoRouter.swift */,
				6EBD721325B92F080045A6FA /* CreateTodoModels.swift */,
				6EBD721425B92F080045A6FA /* CreateTodoViewController.swift */,
				6EBD721525B92F080045A6FA /* CreateTodoInteractor.swift */,
			);
			path = CreateTodo;
			sourceTree = "<group>";
		};
		6EBD723525B94E420045A6FA /* Manager */ = {
			isa = PBXGroup;
			children = (
				6EBD723625B94E630045A6FA /* CoreDataManager.swift */,
			);
			path = Manager;
			sourceTree = "<group>";
		};
/* End PBXGroup section */

/* Begin PBXNativeTarget section */
		6E489FC625B6777000CC3861 /* TodoList */ = {
			isa = PBXNativeTarget;
			buildConfigurationList = 6E489FF125B6777100CC3861 /* Build configuration list for PBXNativeTarget "TodoList" */;
			buildPhases = (
				6E489FC325B6777000CC3861 /* Sources */,
				6E489FC425B6777000CC3861 /* Frameworks */,
				6E489FC525B6777000CC3861 /* Resources */,
			);
			buildRules = (
			);
			dependencies = (
			);
			name = TodoList;
			productName = TodoList;
			productReference = 6E489FC725B6777000CC3861 /* TodoList.app */;
			productType = "com.apple.product-type.application";
		};
		6E489FDC25B6777100CC3861 /* TodoListTests */ = {
			isa = PBXNativeTarget;
			buildConfigurationList = 6E489FF425B6777100CC3861 /* Build configuration list for PBXNativeTarget "TodoListTests" */;
			buildPhases = (
				6E489FD925B6777100CC3861 /* Sources */,
				6E489FDA25B6777100CC3861 /* Frameworks */,
				6E489FDB25B6777100CC3861 /* Resources */,
			);
			buildRules = (
			);
			dependencies = (
				6E489FDF25B6777100CC3861 /* PBXTargetDependency */,
			);
			name = TodoListTests;
			productName = TodoListTests;
			productReference = 6E489FDD25B6777100CC3861 /* TodoListTests.xctest */;
			productType = "com.apple.product-type.bundle.unit-test";
		};
		6E489FE725B6777100CC3861 /* TodoListUITests */ = {
			isa = PBXNativeTarget;
			buildConfigurationList = 6E489FF725B6777100CC3861 /* Build configuration list for PBXNativeTarget "TodoListUITests" */;
			buildPhases = (
				6E489FE425B6777100CC3861 /* Sources */,
				6E489FE525B6777100CC3861 /* Frameworks */,
				6E489FE625B6777100CC3861 /* Resources */,
			);
			buildRules = (
			);
			dependencies = (
				6E489FEA25B6777100CC3861 /* PBXTargetDependency */,
			);
			name = TodoListUITests;
			productName = TodoListUITests;
			productReference = 6E489FE825B6777100CC3861 /* TodoListUITests.xctest */;
			productType = "com.apple.product-type.bundle.ui-testing";
		};
/* End PBXNativeTarget section */

/* Begin PBXProject section */
		6E489FBF25B6777000CC3861 /* Project object */ = {
			isa = PBXProject;
			attributes = {
				LastSwiftUpdateCheck = 1230;
				LastUpgradeCheck = 1230;
				TargetAttributes = {
					6E489FC625B6777000CC3861 = {
						CreatedOnToolsVersion = 12.3;
					};
					6E489FDC25B6777100CC3861 = {
						CreatedOnToolsVersion = 12.3;
						TestTargetID = 6E489FC625B6777000CC3861;
					};
					6E489FE725B6777100CC3861 = {
						CreatedOnToolsVersion = 12.3;
						TestTargetID = 6E489FC625B6777000CC3861;
					};
				};
			};
			buildConfigurationList = 6E489FC225B6777000CC3861 /* Build configuration list for PBXProject "TodoList" */;
			compatibilityVersion = "Xcode 9.3";
			developmentRegion = en;
			hasScannedForEncodings = 0;
			knownRegions = (
				en,
				Base,
			);
			mainGroup = 6E489FBE25B6777000CC3861;
			productRefGroup = 6E489FC825B6777000CC3861 /* Products */;
			projectDirPath = "";
			projectRoot = "";
			targets = (
				6E489FC625B6777000CC3861 /* TodoList */,
				6E489FDC25B6777100CC3861 /* TodoListTests */,
				6E489FE725B6777100CC3861 /* TodoListUITests */,
			);
		};
/* End PBXProject section */

/* Begin PBXResourcesBuildPhase section */
		6E489FC525B6777000CC3861 /* Resources */ = {
			isa = PBXResourcesBuildPhase;
			buildActionMask = 2147483647;
			files = (
				6E489FD725B6777100CC3861 /* LaunchScreen.storyboard in Resources */,
				6E489FD425B6777100CC3861 /* Assets.xcassets in Resources */,
				6E489FD225B6777000CC3861 /* Main.storyboard in Resources */,
			);
			runOnlyForDeploymentPostprocessing = 0;
		};
		6E489FDB25B6777100CC3861 /* Resources */ = {
			isa = PBXResourcesBuildPhase;
			buildActionMask = 2147483647;
			files = (
			);
			runOnlyForDeploymentPostprocessing = 0;
		};
		6E489FE625B6777100CC3861 /* Resources */ = {
			isa = PBXResourcesBuildPhase;
			buildActionMask = 2147483647;
			files = (
			);
			runOnlyForDeploymentPostprocessing = 0;
		};
/* End PBXResourcesBuildPhase section */

/* Begin PBXSourcesBuildPhase section */
		6E489FC325B6777000CC3861 /* Sources */ = {
			isa = PBXSourcesBuildPhase;
			buildActionMask = 2147483647;
			files = (
				6E75E54F25BA6872001EA828 /* DateWorker.swift in Sources */,
				6E75E59225BA8956001EA828 /* TodoDetailWorker.swift in Sources */,
				6E75E56325BA7099001EA828 /* Todo.xcdatamodeld in Sources */,
				6E489FCB25B6777000CC3861 /* AppDelegate.swift in Sources */,
				6EF84ED725B824A3005E09BD /* TodoListPresenter.swift in Sources */,
				6E75E57F25BA82D6001EA828 /* Todo+CoreDataClass.swift in Sources */,
				6EBD721A25B92F080045A6FA /* CreateTodoViewController.swift in Sources */,
				6EBD723F25B95A350045A6FA /* TodoListTableViewCell.swift in Sources */,
				6EBD721625B92F080045A6FA /* CreateTodoPresenter.swift in Sources */,
				6EF84ED925B824A3005E09BD /* TodoListRouter.swift in Sources */,
				6E75E59625BA8956001EA828 /* TodoDetailInteractor.swift in Sources */,
				6EBD71FB25B911B10045A6FA /* TodosWorker.swift in Sources */,
				6EBD720425B918700045A6FA /* TodoStore.swift in Sources */,
				6EBD721825B92F080045A6FA /* CreateTodoRouter.swift in Sources */,
				6E75E59525BA8956001EA828 /* TodoDetailViewController.swift in Sources */,
				6EF84ED825B824A3005E09BD /* TodoListWorker.swift in Sources */,
				6E75E55425BA6A74001EA828 /* DateStore.swift in Sources */,
				6EBD721725B92F080045A6FA /* CreateTodoWorker.swift in Sources */,
				6EBD723725B94E630045A6FA /* CoreDataManager.swift in Sources */,
				6EBD721B25B92F080045A6FA /* CreateTodoInteractor.swift in Sources */,
				6E75E58025BA82D6001EA828 /* Todo+CoreDataProperties.swift in Sources */,
				6E75E59425BA8956001EA828 /* TodoDetailModels.swift in Sources */,
				6EF84EDA25B824A3005E09BD /* TodoListModels.swift in Sources */,
				6EF84EDC25B824A3005E09BD /* TodoListInteractor.swift in Sources */,
				6EF84EDB25B824A3005E09BD /* TodoListViewController.swift in Sources */,
				6E75E59125BA8956001EA828 /* TodoDetailPresenter.swift in Sources */,
				6E489FCD25B6777000CC3861 /* SceneDelegate.swift in Sources */,
				6EBD721925B92F080045A6FA /* CreateTodoModels.swift in Sources */,
				6E75E59325BA8956001EA828 /* TodoDetailRouter.swift in Sources */,
			);
			runOnlyForDeploymentPostprocessing = 0;
		};
		6E489FD925B6777100CC3861 /* Sources */ = {
			isa = PBXSourcesBuildPhase;
			buildActionMask = 2147483647;
			files = (
				6E489FE225B6777100CC3861 /* TodoListTests.swift in Sources */,
			);
			runOnlyForDeploymentPostprocessing = 0;
		};
		6E489FE425B6777100CC3861 /* Sources */ = {
			isa = PBXSourcesBuildPhase;
			buildActionMask = 2147483647;
			files = (
				6E489FED25B6777100CC3861 /* TodoListUITests.swift in Sources */,
			);
			runOnlyForDeploymentPostprocessing = 0;
		};
/* End PBXSourcesBuildPhase section */

/* Begin PBXTargetDependency section */
		6E489FDF25B6777100CC3861 /* PBXTargetDependency */ = {
			isa = PBXTargetDependency;
			target = 6E489FC625B6777000CC3861 /* TodoList */;
			targetProxy = 6E489FDE25B6777100CC3861 /* PBXContainerItemProxy */;
		};
		6E489FEA25B6777100CC3861 /* PBXTargetDependency */ = {
			isa = PBXTargetDependency;
			target = 6E489FC625B6777000CC3861 /* TodoList */;
			targetProxy = 6E489FE925B6777100CC3861 /* PBXContainerItemProxy */;
		};
/* End PBXTargetDependency section */

/* Begin PBXVariantGroup section */
		6E489FD025B6777000CC3861 /* Main.storyboard */ = {
			isa = PBXVariantGroup;
			children = (
				6E489FD125B6777000CC3861 /* Base */,
			);
			name = Main.storyboard;
			sourceTree = "<group>";
		};
		6E489FD525B6777100CC3861 /* LaunchScreen.storyboard */ = {
			isa = PBXVariantGroup;
			children = (
				6E489FD625B6777100CC3861 /* Base */,
			);
			name = LaunchScreen.storyboard;
			sourceTree = "<group>";
		};
/* End PBXVariantGroup section */

/* Begin XCBuildConfiguration section */
		6E489FEF25B6777100CC3861 /* Debug */ = {
			isa = XCBuildConfiguration;
			buildSettings = {
				ALWAYS_SEARCH_USER_PATHS = NO;
				CLANG_ANALYZER_NONNULL = YES;
				CLANG_ANALYZER_NUMBER_OBJECT_CONVERSION = YES_AGGRESSIVE;
				CLANG_CXX_LANGUAGE_STANDARD = "gnu++14";
				CLANG_CXX_LIBRARY = "libc++";
				CLANG_ENABLE_MODULES = YES;
				CLANG_ENABLE_OBJC_ARC = YES;
				CLANG_ENABLE_OBJC_WEAK = YES;
				CLANG_WARN_BLOCK_CAPTURE_AUTORELEASING = YES;
				CLANG_WARN_BOOL_CONVERSION = YES;
				CLANG_WARN_COMMA = YES;
				CLANG_WARN_CONSTANT_CONVERSION = YES;
				CLANG_WARN_DEPRECATED_OBJC_IMPLEMENTATIONS = YES;
				CLANG_WARN_DIRECT_OBJC_ISA_USAGE = YES_ERROR;
				CLANG_WARN_DOCUMENTATION_COMMENTS = YES;
				CLANG_WARN_EMPTY_BODY = YES;
				CLANG_WARN_ENUM_CONVERSION = YES;
				CLANG_WARN_INFINITE_RECURSION = YES;
				CLANG_WARN_INT_CONVERSION = YES;
				CLANG_WARN_NON_LITERAL_NULL_CONVERSION = YES;
				CLANG_WARN_OBJC_IMPLICIT_RETAIN_SELF = YES;
				CLANG_WARN_OBJC_LITERAL_CONVERSION = YES;
				CLANG_WARN_OBJC_ROOT_CLASS = YES_ERROR;
				CLANG_WARN_QUOTED_INCLUDE_IN_FRAMEWORK_HEADER = YES;
				CLANG_WARN_RANGE_LOOP_ANALYSIS = YES;
				CLANG_WARN_STRICT_PROTOTYPES = YES;
				CLANG_WARN_SUSPICIOUS_MOVE = YES;
				CLANG_WARN_UNGUARDED_AVAILABILITY = YES_AGGRESSIVE;
				CLANG_WARN_UNREACHABLE_CODE = YES;
				CLANG_WARN__DUPLICATE_METHOD_MATCH = YES;
				COPY_PHASE_STRIP = NO;
				DEBUG_INFORMATION_FORMAT = dwarf;
				ENABLE_STRICT_OBJC_MSGSEND = YES;
				ENABLE_TESTABILITY = YES;
				GCC_C_LANGUAGE_STANDARD = gnu11;
				GCC_DYNAMIC_NO_PIC = NO;
				GCC_NO_COMMON_BLOCKS = YES;
				GCC_OPTIMIZATION_LEVEL = 0;
				GCC_PREPROCESSOR_DEFINITIONS = (
					"DEBUG=1",
					"$(inherited)",
				);
				GCC_WARN_64_TO_32_BIT_CONVERSION = YES;
				GCC_WARN_ABOUT_RETURN_TYPE = YES_ERROR;
				GCC_WARN_UNDECLARED_SELECTOR = YES;
				GCC_WARN_UNINITIALIZED_AUTOS = YES_AGGRESSIVE;
				GCC_WARN_UNUSED_FUNCTION = YES;
				GCC_WARN_UNUSED_VARIABLE = YES;
				IPHONEOS_DEPLOYMENT_TARGET = 14.3;
				MTL_ENABLE_DEBUG_INFO = INCLUDE_SOURCE;
				MTL_FAST_MATH = YES;
				ONLY_ACTIVE_ARCH = YES;
				SDKROOT = iphoneos;
				SWIFT_ACTIVE_COMPILATION_CONDITIONS = DEBUG;
				SWIFT_OPTIMIZATION_LEVEL = "-Onone";
			};
			name = Debug;
		};
		6E489FF025B6777100CC3861 /* Release */ = {
			isa = XCBuildConfiguration;
			buildSettings = {
				ALWAYS_SEARCH_USER_PATHS = NO;
				CLANG_ANALYZER_NONNULL = YES;
				CLANG_ANALYZER_NUMBER_OBJECT_CONVERSION = YES_AGGRESSIVE;
				CLANG_CXX_LANGUAGE_STANDARD = "gnu++14";
				CLANG_CXX_LIBRARY = "libc++";
				CLANG_ENABLE_MODULES = YES;
				CLANG_ENABLE_OBJC_ARC = YES;
				CLANG_ENABLE_OBJC_WEAK = YES;
				CLANG_WARN_BLOCK_CAPTURE_AUTORELEASING = YES;
				CLANG_WARN_BOOL_CONVERSION = YES;
				CLANG_WARN_COMMA = YES;
				CLANG_WARN_CONSTANT_CONVERSION = YES;
				CLANG_WARN_DEPRECATED_OBJC_IMPLEMENTATIONS = YES;
				CLANG_WARN_DIRECT_OBJC_ISA_USAGE = YES_ERROR;
				CLANG_WARN_DOCUMENTATION_COMMENTS = YES;
				CLANG_WARN_EMPTY_BODY = YES;
				CLANG_WARN_ENUM_CONVERSION = YES;
				CLANG_WARN_INFINITE_RECURSION = YES;
				CLANG_WARN_INT_CONVERSION = YES;
				CLANG_WARN_NON_LITERAL_NULL_CONVERSION = YES;
				CLANG_WARN_OBJC_IMPLICIT_RETAIN_SELF = YES;
				CLANG_WARN_OBJC_LITERAL_CONVERSION = YES;
				CLANG_WARN_OBJC_ROOT_CLASS = YES_ERROR;
				CLANG_WARN_QUOTED_INCLUDE_IN_FRAMEWORK_HEADER = YES;
				CLANG_WARN_RANGE_LOOP_ANALYSIS = YES;
				CLANG_WARN_STRICT_PROTOTYPES = YES;
				CLANG_WARN_SUSPICIOUS_MOVE = YES;
				CLANG_WARN_UNGUARDED_AVAILABILITY = YES_AGGRESSIVE;
				CLANG_WARN_UNREACHABLE_CODE = YES;
				CLANG_WARN__DUPLICATE_METHOD_MATCH = YES;
				COPY_PHASE_STRIP = NO;
				DEBUG_INFORMATION_FORMAT = "dwarf-with-dsym";
				ENABLE_NS_ASSERTIONS = NO;
				ENABLE_STRICT_OBJC_MSGSEND = YES;
				GCC_C_LANGUAGE_STANDARD = gnu11;
				GCC_NO_COMMON_BLOCKS = YES;
				GCC_WARN_64_TO_32_BIT_CONVERSION = YES;
				GCC_WARN_ABOUT_RETURN_TYPE = YES_ERROR;
				GCC_WARN_UNDECLARED_SELECTOR = YES;
				GCC_WARN_UNINITIALIZED_AUTOS = YES_AGGRESSIVE;
				GCC_WARN_UNUSED_FUNCTION = YES;
				GCC_WARN_UNUSED_VARIABLE = YES;
				IPHONEOS_DEPLOYMENT_TARGET = 14.3;
				MTL_ENABLE_DEBUG_INFO = NO;
				MTL_FAST_MATH = YES;
				SDKROOT = iphoneos;
				SWIFT_COMPILATION_MODE = wholemodule;
				SWIFT_OPTIMIZATION_LEVEL = "-O";
				VALIDATE_PRODUCT = YES;
			};
			name = Release;
		};
		6E489FF225B6777100CC3861 /* Debug */ = {
			isa = XCBuildConfiguration;
			buildSettings = {
				ASSETCATALOG_COMPILER_APPICON_NAME = AppIcon;
				ASSETCATALOG_COMPILER_GLOBAL_ACCENT_COLOR_NAME = AccentColor;
				CODE_SIGN_STYLE = Automatic;
				INFOPLIST_FILE = TodoList/Info.plist;
				LD_RUNPATH_SEARCH_PATHS = (
					"$(inherited)",
					"@executable_path/Frameworks",
				);
				PRODUCT_BUNDLE_IDENTIFIER = com.ssionii.TodoList;
				PRODUCT_NAME = "$(TARGET_NAME)";
				SWIFT_VERSION = 5.0;
				TARGETED_DEVICE_FAMILY = "1,2";
			};
			name = Debug;
		};
		6E489FF325B6777100CC3861 /* Release */ = {
			isa = XCBuildConfiguration;
			buildSettings = {
				ASSETCATALOG_COMPILER_APPICON_NAME = AppIcon;
				ASSETCATALOG_COMPILER_GLOBAL_ACCENT_COLOR_NAME = AccentColor;
				CODE_SIGN_STYLE = Automatic;
				INFOPLIST_FILE = TodoList/Info.plist;
				LD_RUNPATH_SEARCH_PATHS = (
					"$(inherited)",
					"@executable_path/Frameworks",
				);
				PRODUCT_BUNDLE_IDENTIFIER = com.ssionii.TodoList;
				PRODUCT_NAME = "$(TARGET_NAME)";
				SWIFT_VERSION = 5.0;
				TARGETED_DEVICE_FAMILY = "1,2";
			};
			name = Release;
		};
		6E489FF525B6777100CC3861 /* Debug */ = {
			isa = XCBuildConfiguration;
			buildSettings = {
				ALWAYS_EMBED_SWIFT_STANDARD_LIBRARIES = YES;
				BUNDLE_LOADER = "$(TEST_HOST)";
				CODE_SIGN_STYLE = Automatic;
				INFOPLIST_FILE = TodoListTests/Info.plist;
				IPHONEOS_DEPLOYMENT_TARGET = 14.3;
				LD_RUNPATH_SEARCH_PATHS = (
					"$(inherited)",
					"@executable_path/Frameworks",
					"@loader_path/Frameworks",
				);
				PRODUCT_BUNDLE_IDENTIFIER = com.ssionii.TodoListTests;
				PRODUCT_NAME = "$(TARGET_NAME)";
				SWIFT_VERSION = 5.0;
				TARGETED_DEVICE_FAMILY = "1,2";
				TEST_HOST = "$(BUILT_PRODUCTS_DIR)/TodoList.app/TodoList";
			};
			name = Debug;
		};
		6E489FF625B6777100CC3861 /* Release */ = {
			isa = XCBuildConfiguration;
			buildSettings = {
				ALWAYS_EMBED_SWIFT_STANDARD_LIBRARIES = YES;
				BUNDLE_LOADER = "$(TEST_HOST)";
				CODE_SIGN_STYLE = Automatic;
				INFOPLIST_FILE = TodoListTests/Info.plist;
				IPHONEOS_DEPLOYMENT_TARGET = 14.3;
				LD_RUNPATH_SEARCH_PATHS = (
					"$(inherited)",
					"@executable_path/Frameworks",
					"@loader_path/Frameworks",
				);
				PRODUCT_BUNDLE_IDENTIFIER = com.ssionii.TodoListTests;
				PRODUCT_NAME = "$(TARGET_NAME)";
				SWIFT_VERSION = 5.0;
				TARGETED_DEVICE_FAMILY = "1,2";
				TEST_HOST = "$(BUILT_PRODUCTS_DIR)/TodoList.app/TodoList";
			};
			name = Release;
		};
		6E489FF825B6777100CC3861 /* Debug */ = {
			isa = XCBuildConfiguration;
			buildSettings = {
				ALWAYS_EMBED_SWIFT_STANDARD_LIBRARIES = YES;
				CODE_SIGN_STYLE = Automatic;
				INFOPLIST_FILE = TodoListUITests/Info.plist;
				LD_RUNPATH_SEARCH_PATHS = (
					"$(inherited)",
					"@executable_path/Frameworks",
					"@loader_path/Frameworks",
				);
				PRODUCT_BUNDLE_IDENTIFIER = com.ssionii.TodoListUITests;
				PRODUCT_NAME = "$(TARGET_NAME)";
				SWIFT_VERSION = 5.0;
				TARGETED_DEVICE_FAMILY = "1,2";
				TEST_TARGET_NAME = TodoList;
			};
			name = Debug;
		};
		6E489FF925B6777100CC3861 /* Release */ = {
			isa = XCBuildConfiguration;
			buildSettings = {
				ALWAYS_EMBED_SWIFT_STANDARD_LIBRARIES = YES;
				CODE_SIGN_STYLE = Automatic;
				INFOPLIST_FILE = TodoListUITests/Info.plist;
				LD_RUNPATH_SEARCH_PATHS = (
					"$(inherited)",
					"@executable_path/Frameworks",
					"@loader_path/Frameworks",
				);
				PRODUCT_BUNDLE_IDENTIFIER = com.ssionii.TodoListUITests;
				PRODUCT_NAME = "$(TARGET_NAME)";
				SWIFT_VERSION = 5.0;
				TARGETED_DEVICE_FAMILY = "1,2";
				TEST_TARGET_NAME = TodoList;
			};
			name = Release;
		};
/* End XCBuildConfiguration section */

/* Begin XCConfigurationList section */
		6E489FC225B6777000CC3861 /* Build configuration list for PBXProject "TodoList" */ = {
			isa = XCConfigurationList;
			buildConfigurations = (
				6E489FEF25B6777100CC3861 /* Debug */,
				6E489FF025B6777100CC3861 /* Release */,
			);
			defaultConfigurationIsVisible = 0;
			defaultConfigurationName = Release;
		};
		6E489FF125B6777100CC3861 /* Build configuration list for PBXNativeTarget "TodoList" */ = {
			isa = XCConfigurationList;
			buildConfigurations = (
				6E489FF225B6777100CC3861 /* Debug */,
				6E489FF325B6777100CC3861 /* Release */,
			);
			defaultConfigurationIsVisible = 0;
			defaultConfigurationName = Release;
		};
		6E489FF425B6777100CC3861 /* Build configuration list for PBXNativeTarget "TodoListTests" */ = {
			isa = XCConfigurationList;
			buildConfigurations = (
				6E489FF525B6777100CC3861 /* Debug */,
				6E489FF625B6777100CC3861 /* Release */,
			);
			defaultConfigurationIsVisible = 0;
			defaultConfigurationName = Release;
		};
		6E489FF725B6777100CC3861 /* Build configuration list for PBXNativeTarget "TodoListUITests" */ = {
			isa = XCConfigurationList;
			buildConfigurations = (
				6E489FF825B6777100CC3861 /* Debug */,
				6E489FF925B6777100CC3861 /* Release */,
			);
			defaultConfigurationIsVisible = 0;
			defaultConfigurationName = Release;
		};
/* End XCConfigurationList section */

/* Begin XCVersionGroup section */
		6E75E56125BA7099001EA828 /* Todo.xcdatamodeld */ = {
			isa = XCVersionGroup;
			children = (
				6E75E56225BA7099001EA828 /* Todo.xcdatamodel */,
			);
			currentVersion = 6E75E56225BA7099001EA828 /* Todo.xcdatamodel */;
			path = Todo.xcdatamodeld;
			sourceTree = "<group>";
			versionGroupType = wrapper.xcdatamodel;
		};
/* End XCVersionGroup section */
	};
	rootObject = 6E489FBF25B6777000CC3861 /* Project object */;
}
